
Microsoft Visual Studio Solution File, Format Version 12.00
# Visual Studio Version 17
VisualStudioVersion = 17.8.34511.84
MinimumVisualStudioVersion = 10.0.40219.1
Project("{FAE04EC0-301F-11D3-BF4B-00C04F79EFBC}") = "WpfAppDop2Homework3Ado", "WpfAppDop2Homework3Ado.csproj", "{61288407-CFFE-4E13-8852-2B7168FD1E6A}"
EndProject
Global
	GlobalSection(SolutionConfigurationPlatforms) = preSolution
		Debug|Any CPU = Debug|Any CPU
		Release|Any CPU = Release|Any CPU
	EndGlobalSection
	GlobalSection(ProjectConfigurationPlatforms) = postSolution
		{61288407-CFFE-4E13-8852-2B7168FD1E6A}.Debug|Any CPU.ActiveCfg = Debug|Any CPU
		{61288407-CFFE-4E13-8852-2B7168FD1E6A}.Debug|Any CPU.Build.0 = Debug|Any CPU
		{61288407-CFFE-4E13-8852-2B7168FD1E6A}.Release|Any CPU.ActiveCfg = Release|Any CPU
		{61288407-CFFE-4E13-8852-2B7168FD1E6A}.Release|Any CPU.Build.0 = Release|Any CPU
	EndGlobalSection
	GlobalSection(SolutionProperties) = preSolution
		HideSolutionNode = FALSE
	EndGlobalSection
	GlobalSection(ExtensibilityGlobals) = postSolution
		SolutionGuid = {D9C0D012-2C84-42AE-959A-590AEBD6C948}
	EndGlobalSection
EndGlobal
